
Microsoft Visual Studio Solution File, Format Version 12.00
# Visual Studio Version 17
VisualStudioVersion = 17.13.35919.96 d17.13
MinimumVisualStudioVersion = 10.0.40219.1
Project("{FAE04EC0-301F-11D3-BF4B-00C04F79EFBC}") = "Szoftverteszt_beadando", "Szoftverteszt_beadando.csproj", "{96A0B1F7-655C-4AFF-900F-74B47D4ACAF2}"
EndProject
Global
	GlobalSection(SolutionConfigurationPlatforms) = preSolution
		Debug|Any CPU = Debug|Any CPU
		Release|Any CPU = Release|Any CPU
	EndGlobalSection
	GlobalSection(ProjectConfigurationPlatforms) = postSolution
		{96A0B1F7-655C-4AFF-900F-74B47D4ACAF2}.Debug|Any CPU.ActiveCfg = Debug|Any CPU
		{96A0B1F7-655C-4AFF-900F-74B47D4ACAF2}.Debug|Any CPU.Build.0 = Debug|Any CPU
		{96A0B1F7-655C-4AFF-900F-74B47D4ACAF2}.Release|Any CPU.ActiveCfg = Release|Any CPU
		{96A0B1F7-655C-4AFF-900F-74B47D4ACAF2}.Release|Any CPU.Build.0 = Release|Any CPU
	EndGlobalSection
	GlobalSection(SolutionProperties) = preSolution
		HideSolutionNode = FALSE
	EndGlobalSection
	GlobalSection(ExtensibilityGlobals) = postSolution
		SolutionGuid = {F600E3D8-2CB5-4656-833B-696E30575066}
	EndGlobalSection
EndGlobal
